
Microsoft Visual Studio Solution File, Format Version 12.00
# Visual Studio Version 16
VisualStudioVersion = 16.0.30717.126
MinimumVisualStudioVersion = 10.0.40219.1
Project("{FAE04EC0-301F-11D3-BF4B-00C04F79EFBC}") = "ContactsListDBWoodburn", "ContactsListDBWoodburn.csproj", "{ACA01C75-98FC-4353-9438-9E14D00DD14C}"
EndProject
Global
	GlobalSection(SolutionConfigurationPlatforms) = preSolution
		Debug|Any CPU = Debug|Any CPU
		Release|Any CPU = Release|Any CPU
	EndGlobalSection
	GlobalSection(ProjectConfigurationPlatforms) = postSolution
		{ACA01C75-98FC-4353-9438-9E14D00DD14C}.Debug|Any CPU.ActiveCfg = Debug|Any CPU
		{ACA01C75-98FC-4353-9438-9E14D00DD14C}.Debug|Any CPU.Build.0 = Debug|Any CPU
		{ACA01C75-98FC-4353-9438-9E14D00DD14C}.Release|Any CPU.ActiveCfg = Release|Any CPU
		{ACA01C75-98FC-4353-9438-9E14D00DD14C}.Release|Any CPU.Build.0 = Release|Any CPU
	EndGlobalSection
	GlobalSection(SolutionProperties) = preSolution
		HideSolutionNode = FALSE
	EndGlobalSection
	GlobalSection(ExtensibilityGlobals) = postSolution
		SolutionGuid = {7D0915DF-1E74-4D7E-90EB-B4501E62FF08}
	EndGlobalSection
EndGlobal
